
Microsoft Visual Studio Solution File, Format Version 12.00
# Visual Studio Version 16
VisualStudioVersion = 16.0.29509.3
MinimumVisualStudioVersion = 10.0.40219.1
Project("{FAE04EC0-301F-11D3-BF4B-00C04F79EFBC}") = "ArnGestionPuestoFrontendWPF", "ArnGestionPuestoFrontendWPF\ArnGestionPuestoFrontendWPF.csproj", "{CB751692-C21C-4F0F-9BB6-45449D063B72}"
EndProject
Project("{2150E333-8FDC-42A3-9474-1A3956D46DE8}") = "01 - PRESENTACION", "01 - PRESENTACION", "{6496B881-C037-4C59-8D5E-5C8D9AEA24D9}"
EndProject
Project("{2150E333-8FDC-42A3-9474-1A3956D46DE8}") = "02 - DOMINIO", "02 - DOMINIO", "{B2683B02-2605-4749-9435-BB73544BDD27}"
EndProject
Project("{2150E333-8FDC-42A3-9474-1A3956D46DE8}") = "03 - SERVICIOS", "03 - SERVICIOS", "{5F26258A-DA51-4847-A3D2-DEFC866A12AB}"
EndProject
Project("{2150E333-8FDC-42A3-9474-1A3956D46DE8}") = "04 - DATOS", "04 - DATOS", "{E9381F63-8B02-475A-A4F3-EF5F70A7DDA8}"
EndProject
Project("{2150E333-8FDC-42A3-9474-1A3956D46DE8}") = "05 - UTIL", "05 - UTIL", "{F526B3C6-5E30-481F-A1AC-2185AC9EC513}"
EndProject
Project("{2150E333-8FDC-42A3-9474-1A3956D46DE8}") = "00 - TEST", "00 - TEST", "{BC1A2FA3-529C-49B6-8FF6-BBC47ACDEDB4}"
EndProject
Project("{FAE04EC0-301F-11D3-BF4B-00C04F79EFBC}") = "SerialCom", "03 - SERVICIOS\SerialCom\SerialCom.csproj", "{E9A6AC35-93F5-4961-B3D9-6462AC9A117D}"
EndProject
Project("{FAE04EC0-301F-11D3-BF4B-00C04F79EFBC}") = "Entidades", "02 - ENTIDADES\Entidades\Entidades.csproj", "{E01A5492-6C1A-43FF-8814-C770321B844D}"
EndProject
Project("{FAE04EC0-301F-11D3-BF4B-00C04F79EFBC}") = "DatosConfiguracion", "04 - DATOS\DatosConfiguracion\DatosConfiguracion.csproj", "{AFEC75E9-BC44-432F-85F0-2524471ED14B}"
EndProject
Project("{FAE04EC0-301F-11D3-BF4B-00C04F79EFBC}") = "BDSQL", "04 - DATOS\BDSQL\BDSQL.csproj", "{CEF20D10-7954-416B-9008-36EC5378D295}"
EndProject
Project("{FAE04EC0-301F-11D3-BF4B-00C04F79EFBC}") = "Logs", "03 - SERVICIOS\Logs\Logs.csproj", "{787C4D23-5EB6-4044-99B0-45C41040C0DF}"
EndProject
Project("{FAE04EC0-301F-11D3-BF4B-00C04F79EFBC}") = "FichajesLector", "03 - SERVICIOS\FichajesLector\FichajesLector.csproj", "{9C4DC2C4-D724-4FFF-A51C-E100E54104C1}"
EndProject
Project("{9A19103F-16F7-4668-BE54-9A1E7A4F7556}") = "01Tests", "00 - TEST\01Tests\01Tests.csproj", "{F5BFE436-EE92-4D31-BD82-9E342AF2B139}"
EndProject
Project("{FAE04EC0-301F-11D3-BF4B-00C04F79EFBC}") = "MQTT", "MQTT\MQTT.csproj", "{CC3E4EDA-5A88-4FD3-A812-1DE15A5D3C77}"
EndProject
Project("{FAE04EC0-301F-11D3-BF4B-00C04F79EFBC}") = "Turnos", "Turnos\Turnos.csproj", "{A90BEA8B-E4FA-4AB9-B973-CB402F831282}"
EndProject
Global
	GlobalSection(SolutionConfigurationPlatforms) = preSolution
		Debug|Any CPU = Debug|Any CPU
		Release|Any CPU = Release|Any CPU
	EndGlobalSection
	GlobalSection(ProjectConfigurationPlatforms) = postSolution
		{CB751692-C21C-4F0F-9BB6-45449D063B72}.Debug|Any CPU.ActiveCfg = Debug|Any CPU
		{CB751692-C21C-4F0F-9BB6-45449D063B72}.Debug|Any CPU.Build.0 = Debug|Any CPU
		{CB751692-C21C-4F0F-9BB6-45449D063B72}.Release|Any CPU.ActiveCfg = Release|Any CPU
		{CB751692-C21C-4F0F-9BB6-45449D063B72}.Release|Any CPU.Build.0 = Release|Any CPU
		{E9A6AC35-93F5-4961-B3D9-6462AC9A117D}.Debug|Any CPU.ActiveCfg = Debug|Any CPU
		{E9A6AC35-93F5-4961-B3D9-6462AC9A117D}.Debug|Any CPU.Build.0 = Debug|Any CPU
		{E9A6AC35-93F5-4961-B3D9-6462AC9A117D}.Release|Any CPU.ActiveCfg = Release|Any CPU
		{E9A6AC35-93F5-4961-B3D9-6462AC9A117D}.Release|Any CPU.Build.0 = Release|Any CPU
		{E01A5492-6C1A-43FF-8814-C770321B844D}.Debug|Any CPU.ActiveCfg = Debug|Any CPU
		{E01A5492-6C1A-43FF-8814-C770321B844D}.Debug|Any CPU.Build.0 = Debug|Any CPU
		{E01A5492-6C1A-43FF-8814-C770321B844D}.Release|Any CPU.ActiveCfg = Release|Any CPU
		{E01A5492-6C1A-43FF-8814-C770321B844D}.Release|Any CPU.Build.0 = Release|Any CPU
		{AFEC75E9-BC44-432F-85F0-2524471ED14B}.Debug|Any CPU.ActiveCfg = Debug|Any CPU
		{AFEC75E9-BC44-432F-85F0-2524471ED14B}.Debug|Any CPU.Build.0 = Debug|Any CPU
		{AFEC75E9-BC44-432F-85F0-2524471ED14B}.Release|Any CPU.ActiveCfg = Release|Any CPU
		{AFEC75E9-BC44-432F-85F0-2524471ED14B}.Release|Any CPU.Build.0 = Release|Any CPU
		{CEF20D10-7954-416B-9008-36EC5378D295}.Debug|Any CPU.ActiveCfg = Debug|Any CPU
		{CEF20D10-7954-416B-9008-36EC5378D295}.Debug|Any CPU.Build.0 = Debug|Any CPU
		{CEF20D10-7954-416B-9008-36EC5378D295}.Release|Any CPU.ActiveCfg = Release|Any CPU
		{CEF20D10-7954-416B-9008-36EC5378D295}.Release|Any CPU.Build.0 = Release|Any CPU
		{787C4D23-5EB6-4044-99B0-45C41040C0DF}.Debug|Any CPU.ActiveCfg = Debug|Any CPU
		{787C4D23-5EB6-4044-99B0-45C41040C0DF}.Debug|Any CPU.Build.0 = Debug|Any CPU
		{787C4D23-5EB6-4044-99B0-45C41040C0DF}.Release|Any CPU.ActiveCfg = Release|Any CPU
		{787C4D23-5EB6-4044-99B0-45C41040C0DF}.Release|Any CPU.Build.0 = Release|Any CPU
		{9C4DC2C4-D724-4FFF-A51C-E100E54104C1}.Debug|Any CPU.ActiveCfg = Debug|Any CPU
		{9C4DC2C4-D724-4FFF-A51C-E100E54104C1}.Debug|Any CPU.Build.0 = Debug|Any CPU
		{9C4DC2C4-D724-4FFF-A51C-E100E54104C1}.Release|Any CPU.ActiveCfg = Release|Any CPU
		{9C4DC2C4-D724-4FFF-A51C-E100E54104C1}.Release|Any CPU.Build.0 = Release|Any CPU
		{F5BFE436-EE92-4D31-BD82-9E342AF2B139}.Debug|Any CPU.ActiveCfg = Debug|Any CPU
		{F5BFE436-EE92-4D31-BD82-9E342AF2B139}.Debug|Any CPU.Build.0 = Debug|Any CPU
		{F5BFE436-EE92-4D31-BD82-9E342AF2B139}.Release|Any CPU.ActiveCfg = Release|Any CPU
		{F5BFE436-EE92-4D31-BD82-9E342AF2B139}.Release|Any CPU.Build.0 = Release|Any CPU
		{CC3E4EDA-5A88-4FD3-A812-1DE15A5D3C77}.Debug|Any CPU.ActiveCfg = Debug|Any CPU
		{CC3E4EDA-5A88-4FD3-A812-1DE15A5D3C77}.Debug|Any CPU.Build.0 = Debug|Any CPU
		{CC3E4EDA-5A88-4FD3-A812-1DE15A5D3C77}.Release|Any CPU.ActiveCfg = Release|Any CPU
		{CC3E4EDA-5A88-4FD3-A812-1DE15A5D3C77}.Release|Any CPU.Build.0 = Release|Any CPU
		{A90BEA8B-E4FA-4AB9-B973-CB402F831282}.Debug|Any CPU.ActiveCfg = Debug|Any CPU
		{A90BEA8B-E4FA-4AB9-B973-CB402F831282}.Debug|Any CPU.Build.0 = Debug|Any CPU
		{A90BEA8B-E4FA-4AB9-B973-CB402F831282}.Release|Any CPU.ActiveCfg = Release|Any CPU
		{A90BEA8B-E4FA-4AB9-B973-CB402F831282}.Release|Any CPU.Build.0 = Release|Any CPU
	EndGlobalSection
	GlobalSection(SolutionProperties) = preSolution
		HideSolutionNode = FALSE
	EndGlobalSection
	GlobalSection(NestedProjects) = preSolution
		{CB751692-C21C-4F0F-9BB6-45449D063B72} = {6496B881-C037-4C59-8D5E-5C8D9AEA24D9}
		{E9A6AC35-93F5-4961-B3D9-6462AC9A117D} = {5F26258A-DA51-4847-A3D2-DEFC866A12AB}
		{E01A5492-6C1A-43FF-8814-C770321B844D} = {B2683B02-2605-4749-9435-BB73544BDD27}
		{AFEC75E9-BC44-432F-85F0-2524471ED14B} = {E9381F63-8B02-475A-A4F3-EF5F70A7DDA8}
		{CEF20D10-7954-416B-9008-36EC5378D295} = {E9381F63-8B02-475A-A4F3-EF5F70A7DDA8}
		{787C4D23-5EB6-4044-99B0-45C41040C0DF} = {5F26258A-DA51-4847-A3D2-DEFC866A12AB}
		{9C4DC2C4-D724-4FFF-A51C-E100E54104C1} = {5F26258A-DA51-4847-A3D2-DEFC866A12AB}
		{F5BFE436-EE92-4D31-BD82-9E342AF2B139} = {BC1A2FA3-529C-49B6-8FF6-BBC47ACDEDB4}
		{CC3E4EDA-5A88-4FD3-A812-1DE15A5D3C77} = {5F26258A-DA51-4847-A3D2-DEFC866A12AB}
		{A90BEA8B-E4FA-4AB9-B973-CB402F831282} = {F526B3C6-5E30-481F-A1AC-2185AC9EC513}
	EndGlobalSection
	GlobalSection(ExtensibilityGlobals) = postSolution
		SolutionGuid = {CE0E22F2-E42E-4F99-A06B-9756FC93F165}
	EndGlobalSection
EndGlobal
